// !$*UTF8*$!
{
	archiveVersion = 1;
	classes = {
	};
	objectVersion = 46;
	objects = {

/* Begin PBXBuildFile section */
		1A99E9E41D48EB2F00227553 /* YSCUIKit.h in CopyFiles */ = {isa = PBXBuildFile; fileRef = 1A99E9E31D48EB2F00227553 /* YSCUIKit.h */; };
		1A99E9E61D48EB2F00227553 /* YSCUIKit.m in Sources */ = {isa = PBXBuildFile; fileRef = 1A99E9E51D48EB2F00227553 /* YSCUIKit.m */; };
		1A99E9F61D49AB7100227553 /* YSCGooeyView.m in Sources */ = {isa = PBXBuildFile; fileRef = 1A99E9F51D49AB7100227553 /* YSCGooeyView.m */; };
/* End PBXBuildFile section */

/* Begin PBXCopyFilesBuildPhase section */
		1A99E9DE1D48EB2F00227553 /* CopyFiles */ = {
			isa = PBXCopyFilesBuildPhase;
			buildActionMask = 2147483647;
			dstPath = "include/$(PRODUCT_NAME)";
			dstSubfolderSpec = 16;
			files = (
				1A99E9E41D48EB2F00227553 /* YSCUIKit.h in CopyFiles */,
			);
			runOnlyForDeploymentPostprocessing = 0;
		};
/* End PBXCopyFilesBuildPhase section */

/* Begin PBXFileReference section */
		1A99E9E01D48EB2F00227553 /* libYSCUIKit.a */ = {isa = PBXFileReference; explicitFileType = archive.ar; includeInIndex = 0; path = libYSCUIKit.a; sourceTree = BUILT_PRODUCTS_DIR; };
		1A99E9E31D48EB2F00227553 /* YSCUIKit.h */ = {isa = PBXFileReference; lastKnownFileType = sourcecode.c.h; path = YSCUIKit.h; sourceTree = "<group>"; };
		1A99E9E51D48EB2F00227553 /* YSCUIKit.m */ = {isa = PBXFileReference; lastKnownFileType = sourcecode.c.objc; path = YSCUIKit.m; sourceTree = "<group>"; };
		1A99E9F41D49AB7100227553 /* YSCGooeyView.h */ = {isa = PBXFileReference; fileEncoding = 4; lastKnownFileType = sourcecode.c.h; path = YSCGooeyView.h; sourceTree = "<group>"; };
		1A99E9F51D49AB7100227553 /* YSCGooeyView.m */ = {isa = PBXFileReference; fileEncoding = 4; lastKnownFileType = sourcecode.c.objc; path = YSCGooeyView.m; sourceTree = "<group>"; };
/* End PBXFileReference section */

/* Begin PBXFrameworksBuildPhase section */
		1A99E9DD1D48EB2F00227553 /* Frameworks */ = {
			isa = PBXFrameworksBuildPhase;
			buildActionMask = 2147483647;
			files = (
			);
			runOnlyForDeploymentPostprocessing = 0;
		};
/* End PBXFrameworksBuildPhase section */

/* Begin PBXGroup section */
		1A99E9D71D48EB2F00227553 = {
			isa = PBXGroup;
			children = (
				1A99E9E21D48EB2F00227553 /* YSCUIKit */,
				1A99E9E11D48EB2F00227553 /* Products */,
			);
			sourceTree = "<group>";
		};
		1A99E9E11D48EB2F00227553 /* Products */ = {
			isa = PBXGroup;
			children = (
				1A99E9E01D48EB2F00227553 /* libYSCUIKit.a */,
			);
			name = Products;
			sourceTree = "<group>";
		};
		1A99E9E21D48EB2F00227553 /* YSCUIKit */ = {
			isa = PBXGroup;
			children = (
				1A99E9E31D48EB2F00227553 /* YSCUIKit.h */,
				1A99E9E51D48EB2F00227553 /* YSCUIKit.m */,
				1A99E9F41D49AB7100227553 /* YSCGooeyView.h */,
				1A99E9F51D49AB7100227553 /* YSCGooeyView.m */,
			);
			path = YSCUIKit;
			sourceTree = "<group>";
		};
/* End PBXGroup section */

/* Begin PBXNativeTarget section */
		1A99E9DF1D48EB2F00227553 /* YSCUIKit */ = {
			isa = PBXNativeTarget;
			buildConfigurationList = 1A99E9E91D48EB2F00227553 /* Build configuration list for PBXNativeTarget "YSCUIKit" */;
			buildPhases = (
				1A99E9DC1D48EB2F00227553 /* Sources */,
				1A99E9DD1D48EB2F00227553 /* Frameworks */,
				1A99E9DE1D48EB2F00227553 /* CopyFiles */,
			);
			buildRules = (
			);
			dependencies = (
			);
			name = YSCUIKit;
			productName = YSCUIKit;
			productReference = 1A99E9E01D48EB2F00227553 /* libYSCUIKit.a */;
			productType = "com.apple.product-type.library.static";
		};
/* End PBXNativeTarget section */

/* Begin PBXProject section */
		1A99E9D81D48EB2F00227553 /* Project object */ = {
			isa = PBXProject;
			attributes = {
				LastUpgradeCheck = 0730;
				ORGANIZATIONNAME = MMS;
				TargetAttributes = {
					1A99E9DF1D48EB2F00227553 = {
						CreatedOnToolsVersion = 7.3.1;
						DevelopmentTeam = SWVDH7MY4N;
					};
				};
			};
			buildConfigurationList = 1A99E9DB1D48EB2F00227553 /* Build configuration list for PBXProject "YSCUIKit" */;
			compatibilityVersion = "Xcode 3.2";
			developmentRegion = English;
			hasScannedForEncodings = 0;
			knownRegions = (
				en,
			);
			mainGroup = 1A99E9D71D48EB2F00227553;
			productRefGroup = 1A99E9E11D48EB2F00227553 /* Products */;
			projectDirPath = "";
			projectRoot = "";
			targets = (
				1A99E9DF1D48EB2F00227553 /* YSCUIKit */,
			);
		};
/* End PBXProject section */

/* Begin PBXSourcesBuildPhase section */
		1A99E9DC1D48EB2F00227553 /* Sources */ = {
			isa = PBXSourcesBuildPhase;
			buildActionMask = 2147483647;
			files = (
				1A99E9F61D49AB7100227553 /* YSCGooeyView.m in Sources */,
				1A99E9E61D48EB2F00227553 /* YSCUIKit.m in Sources */,
			);
			runOnlyForDeploymentPostprocessing = 0;
		};
/* End PBXSourcesBuildPhase section */

/* Begin XCBuildConfiguration section */
		1A99E9E71D48EB2F00227553 /* Debug */ = {
			isa = XCBuildConfiguration;
			buildSettings = {
				ALWAYS_SEARCH_USER_PATHS = NO;
				CLANG_ANALYZER_NONNULL = YES;
				CLANG_CXX_LANGUAGE_STANDARD = "gnu++0x";
				CLANG_CXX_LIBRARY = "libc++";
				CLANG_ENABLE_MODULES = YES;
				CLANG_ENABLE_OBJC_ARC = YES;
				CLANG_WARN_BOOL_CONVERSION = YES;
				CLANG_WARN_CONSTANT_CONVERSION = YES;
				CLANG_WARN_DIRECT_OBJC_ISA_USAGE = YES_ERROR;
				CLANG_WARN_EMPTY_BODY = YES;
				CLANG_WARN_ENUM_CONVERSION = YES;
				CLANG_WARN_INT_CONVERSION = YES;
				CLANG_WARN_OBJC_ROOT_CLASS = YES_ERROR;
				CLANG_WARN_UNREACHABLE_CODE = YES;
				CLANG_WARN__DUPLICATE_METHOD_MATCH = YES;
				"CODE_SIGN_IDENTITY[sdk=iphoneos*]" = "iPhone Developer";
				COPY_PHASE_STRIP = NO;
				DEBUG_INFORMATION_FORMAT = dwarf;
				ENABLE_STRICT_OBJC_MSGSEND = YES;
				ENABLE_TESTABILITY = YES;
				GCC_C_LANGUAGE_STANDARD = gnu99;
				GCC_DYNAMIC_NO_PIC = NO;
				GCC_NO_COMMON_BLOCKS = YES;
				GCC_OPTIMIZATION_LEVEL = 0;
				GCC_PREPROCESSOR_DEFINITIONS = (
					"DEBUG=1",
					"$(inherited)",
				);
				GCC_WARN_64_TO_32_BIT_CONVERSION = YES;
				GCC_WARN_ABOUT_RETURN_TYPE = YES_ERROR;
				GCC_WARN_UNDECLARED_SELECTOR = YES;
				GCC_WARN_UNINITIALIZED_AUTOS = YES_AGGRESSIVE;
				GCC_WARN_UNUSED_FUNCTION = YES;
				GCC_WARN_UNUSED_VARIABLE = YES;
				IPHONEOS_DEPLOYMENT_TARGET = 9.3;
				MTL_ENABLE_DEBUG_INFO = YES;
				ONLY_ACTIVE_ARCH = YES;
				SDKROOT = iphoneos;
			};
			name = Debug;
		};
		1A99E9E81D48EB2F00227553 /* Release */ = {
			isa = XCBuildConfiguration;
			buildSettings = {
				ALWAYS_SEARCH_USER_PATHS = NO;
				CLANG_ANALYZER_NONNULL = YES;
				CLANG_CXX_LANGUAGE_STANDARD = "gnu++0x";
				CLANG_CXX_LIBRARY = "libc++";
				CLANG_ENABLE_MODULES = YES;
				CLANG_ENABLE_OBJC_ARC = YES;
				CLANG_WARN_BOOL_CONVERSION = YES;
				CLANG_WARN_CONSTANT_CONVERSION = YES;
				CLANG_WARN_DIRECT_OBJC_ISA_USAGE = YES_ERROR;
				CLANG_WARN_EMPTY_BODY = YES;
				CLANG_WARN_ENUM_CONVERSION = YES;
				CLANG_WARN_INT_CONVERSION = YES;
				CLANG_WARN_OBJC_ROOT_CLASS = YES_ERROR;
				CLANG_WARN_UNREACHABLE_CODE = YES;
				CLANG_WARN__DUPLICATE_METHOD_MATCH = YES;
				"CODE_SIGN_IDENTITY[sdk=iphoneos*]" = "iPhone Developer";
				COPY_PHASE_STRIP = NO;
				DEBUG_INFORMATION_FORMAT = "dwarf-with-dsym";
				ENABLE_NS_ASSERTIONS = NO;
				ENABLE_STRICT_OBJC_MSGSEND = YES;
				GCC_C_LANGUAGE_STANDARD = gnu99;
				GCC_NO_COMMON_BLOCKS = YES;
				GCC_WARN_64_TO_32_BIT_CONVERSION = YES;
				GCC_WARN_ABOUT_RETURN_TYPE = YES_ERROR;
				GCC_WARN_UNDECLARED_SELECTOR = YES;
				GCC_WARN_UNINITIALIZED_AUTOS = YES_AGGRESSIVE;
				GCC_WARN_UNUSED_FUNCTION = YES;
				GCC_WARN_UNUSED_VARIABLE = YES;
				IPHONEOS_DEPLOYMENT_TARGET = 9.3;
				MTL_ENABLE_DEBUG_INFO = NO;
				SDKROOT = iphoneos;
				VALIDATE_PRODUCT = YES;
			};
			name = Release;
		};
		1A99E9EA1D48EB2F00227553 /* Debug */ = {
			isa = XCBuildConfiguration;
			buildSettings = {
				OTHER_LDFLAGS = "-ObjC";
				PRODUCT_NAME = "$(TARGET_NAME)";
				SKIP_INSTALL = YES;
			};
			name = Debug;
		};
		1A99E9EB1D48EB2F00227553 /* Release */ = {
			isa = XCBuildConfiguration;
			buildSettings = {
				OTHER_LDFLAGS = "-ObjC";
				PRODUCT_NAME = "$(TARGET_NAME)";
				SKIP_INSTALL = YES;
			};
			name = Release;
		};
/* End XCBuildConfiguration section */

/* Begin XCConfigurationList section */
		1A99E9DB1D48EB2F00227553 /* Build configuration list for PBXProject "YSCUIKit" */ = {
			isa = XCConfigurationList;
			buildConfigurations = (
				1A99E9E71D48EB2F00227553 /* Debug */,
				1A99E9E81D48EB2F00227553 /* Release */,
			);
			defaultConfigurationIsVisible = 0;
			defaultConfigurationName = Release;
		};
		1A99E9E91D48EB2F00227553 /* Build configuration list for PBXNativeTarget "YSCUIKit" */ = {
			isa = XCConfigurationList;
			buildConfigurations = (
				1A99E9EA1D48EB2F00227553 /* Debug */,
				1A99E9EB1D48EB2F00227553 /* Release */,
			);
			defaultConfigurationIsVisible = 0;
		};
/* End XCConfigurationList section */
	};
	rootObject = 1A99E9D81D48EB2F00227553 /* Project object */;
}
